
Microsoft Visual Studio Solution File, Format Version 11.00
# Visual Studio 2010
Project("{FAE04EC0-301F-11D3-BF4B-00C04F79EFBC}") = "PeerCastStation.Core", "PeerCastStation.Core\PeerCastStation.Core.csproj", "{387996F5-E31D-4D92-BD86-8983C599F748}"
EndProject
Project("{B373B46A-B089-44D7-96CA-CD150D098BC8}") = "TestCore", "TestCore\TestCore.rbproj", "{03C928C9-7AA8-4995-9D44-3F373BCF3CB3}"
EndProject
Project("{2150E333-8FDC-42A3-9474-1A3956D46DE8}") = "Solution Items", "Solution Items", "{BAC24E23-34FF-40B3-8BE3-14CB911FBDDF}"
	ProjectSection(SolutionItems) = preProject
		PeerCastStation.vsmdi = PeerCastStation.vsmdi
	EndProjectSection
EndProject
Global
	GlobalSection(TestCaseManagementSettings) = postSolution
		CategoryFile = PeerCastStation.vsmdi
	EndGlobalSection
	GlobalSection(SolutionConfigurationPlatforms) = preSolution
		Debug|Any CPU = Debug|Any CPU
		Release|Any CPU = Release|Any CPU
	EndGlobalSection
	GlobalSection(ProjectConfigurationPlatforms) = postSolution
		{387996F5-E31D-4D92-BD86-8983C599F748}.Debug|Any CPU.ActiveCfg = Debug|Any CPU
		{387996F5-E31D-4D92-BD86-8983C599F748}.Debug|Any CPU.Build.0 = Debug|Any CPU
		{387996F5-E31D-4D92-BD86-8983C599F748}.Release|Any CPU.ActiveCfg = Release|Any CPU
		{387996F5-E31D-4D92-BD86-8983C599F748}.Release|Any CPU.Build.0 = Release|Any CPU
		{03C928C9-7AA8-4995-9D44-3F373BCF3CB3}.Debug|Any CPU.ActiveCfg = Debug|Any CPU
		{03C928C9-7AA8-4995-9D44-3F373BCF3CB3}.Debug|Any CPU.Build.0 = Debug|Any CPU
		{03C928C9-7AA8-4995-9D44-3F373BCF3CB3}.Release|Any CPU.ActiveCfg = Release|Any CPU
		{03C928C9-7AA8-4995-9D44-3F373BCF3CB3}.Release|Any CPU.Build.0 = Release|Any CPU
	EndGlobalSection
	GlobalSection(SolutionProperties) = preSolution
		HideSolutionNode = FALSE
	EndGlobalSection
EndGlobal
