
Microsoft Visual Studio Solution File, Format Version 11.00
# Visual Studio 2010
# SharpDevelop 4.0.0.7043
Project("{FAE04EC0-301F-11D3-BF4B-00C04F79EFBC}") = "PeerCastStation.Core", "PeerCastStation.Core\PeerCastStation.Core.csproj", "{387996F5-E31D-4D92-BD86-8983C599F748}"
EndProject
Project("{FAE04EC0-301F-11D3-BF4B-00C04F79EFBC}") = "PeerCastStation.PCP", "PeerCastStation.PCP\PeerCastStation.PCP.csproj", "{F9D126C6-76B7-45E2-B62E-6AC35EE285CD}"
EndProject
Project("{BD8E9625-815A-4BDB-B228-5D4F9C2541A1}") = "TestCore.SD", "TestCore\TestCore.SD.rbproj", "{3B1CB332-57CA-4863-BEA7-C6C1EFECFA14}"
EndProject
Project("{BD8E9625-815A-4BDB-B228-5D4F9C2541A1}") = "TestPCP.SD", "TestPCP\TestPCP.SD.rbproj", "{F4FAD8F2-3906-4714-861F-354712970D05}"
EndProject
Global
	GlobalSection(SolutionConfigurationPlatforms) = preSolution
		Debug|Any CPU = Debug|Any CPU
		Release|Any CPU = Release|Any CPU
		Debug|x86 = Debug|x86
		Release|x86 = Release|x86
	EndGlobalSection
	GlobalSection(ProjectConfigurationPlatforms) = postSolution
		{387996F5-E31D-4D92-BD86-8983C599F748}.Debug|Any CPU.Build.0 = Debug|Any CPU
		{387996F5-E31D-4D92-BD86-8983C599F748}.Debug|Any CPU.ActiveCfg = Debug|Any CPU
		{387996F5-E31D-4D92-BD86-8983C599F748}.Release|Any CPU.Build.0 = Release|Any CPU
		{387996F5-E31D-4D92-BD86-8983C599F748}.Release|Any CPU.ActiveCfg = Release|Any CPU
		{F9D126C6-76B7-45E2-B62E-6AC35EE285CD}.Debug|Any CPU.Build.0 = Debug|Any CPU
		{F9D126C6-76B7-45E2-B62E-6AC35EE285CD}.Debug|Any CPU.ActiveCfg = Debug|Any CPU
		{F9D126C6-76B7-45E2-B62E-6AC35EE285CD}.Release|Any CPU.Build.0 = Release|Any CPU
		{F9D126C6-76B7-45E2-B62E-6AC35EE285CD}.Release|Any CPU.ActiveCfg = Release|Any CPU
		{3B1CB332-57CA-4863-BEA7-C6C1EFECFA14}.Debug|Any CPU.Build.0 = Debug|x86
		{3B1CB332-57CA-4863-BEA7-C6C1EFECFA14}.Debug|Any CPU.ActiveCfg = Debug|x86
		{3B1CB332-57CA-4863-BEA7-C6C1EFECFA14}.Debug|x86.Build.0 = Debug|x86
		{3B1CB332-57CA-4863-BEA7-C6C1EFECFA14}.Debug|x86.ActiveCfg = Debug|x86
		{3B1CB332-57CA-4863-BEA7-C6C1EFECFA14}.Release|Any CPU.Build.0 = Release|x86
		{3B1CB332-57CA-4863-BEA7-C6C1EFECFA14}.Release|Any CPU.ActiveCfg = Release|x86
		{3B1CB332-57CA-4863-BEA7-C6C1EFECFA14}.Release|x86.Build.0 = Release|x86
		{3B1CB332-57CA-4863-BEA7-C6C1EFECFA14}.Release|x86.ActiveCfg = Release|x86
		{F4FAD8F2-3906-4714-861F-354712970D05}.Debug|Any CPU.Build.0 = Debug|x86
		{F4FAD8F2-3906-4714-861F-354712970D05}.Debug|Any CPU.ActiveCfg = Debug|x86
		{F4FAD8F2-3906-4714-861F-354712970D05}.Debug|x86.Build.0 = Debug|x86
		{F4FAD8F2-3906-4714-861F-354712970D05}.Debug|x86.ActiveCfg = Debug|x86
		{F4FAD8F2-3906-4714-861F-354712970D05}.Release|Any CPU.Build.0 = Release|x86
		{F4FAD8F2-3906-4714-861F-354712970D05}.Release|Any CPU.ActiveCfg = Release|x86
		{F4FAD8F2-3906-4714-861F-354712970D05}.Release|x86.Build.0 = Release|x86
		{F4FAD8F2-3906-4714-861F-354712970D05}.Release|x86.ActiveCfg = Release|x86
	EndGlobalSection
EndGlobal
