
Microsoft Visual Studio Solution File, Format Version 10.00
# Visual Studio 2008
Project("{FAE04EC0-301F-11D3-BF4B-00C04F79EFBC}") = "PeerCastStation.Core", "PeerCastStation.Core\PeerCastStation.Core.csproj", "{387996F5-E31D-4D92-BD86-8983C599F748}"
EndProject
Project("{FAE04EC0-301F-11D3-BF4B-00C04F79EFBC}") = "PeerCastStation.PCP", "PeerCastStation.PCP\PeerCastStation.PCP.csproj", "{F9D126C6-76B7-45E2-B62E-6AC35EE285CD}"
	ProjectSection(ProjectDependencies) = postProject
		{387996F5-E31D-4D92-BD86-8983C599F748} = {387996F5-E31D-4D92-BD86-8983C599F748}
	EndProjectSection
EndProject
Project("{FAE04EC0-301F-11D3-BF4B-00C04F79EFBC}") = "PeerCastStation.HTTP", "PeerCastStation.HTTP\PeerCastStation.HTTP.csproj", "{DB3BBED9-6F4B-456C-910D-E1801C94A110}"
EndProject
Project("{FAE04EC0-301F-11D3-BF4B-00C04F79EFBC}") = "PeerCastStation.GUI", "PeerCastStation.GUI\PeerCastStation.GUI.csproj", "{C48B0B43-0061-4049-8EBF-5F3757009F13}"
EndProject
Project("{FAE04EC0-301F-11D3-BF4B-00C04F79EFBC}") = "PeerCastStation.Logger", "PeerCastStation.Logger\PeerCastStation.Logger.csproj", "{EB11900C-4868-45A4-A046-11D17A3F4220}"
EndProject
Project("{FAE04EC0-301F-11D3-BF4B-00C04F79EFBC}") = "PeerCastStation.Ohaoha", "PeerCastStation.Ohaoha\PeerCastStation.Ohaoha.csproj", "{6E45FCD8-3569-48E9-A704-083A7BBD6743}"
EndProject
Global
	GlobalSection(SolutionConfigurationPlatforms) = preSolution
		Debug|Any CPU = Debug|Any CPU
		Release|Any CPU = Release|Any CPU
	EndGlobalSection
	GlobalSection(ProjectConfigurationPlatforms) = postSolution
		{387996F5-E31D-4D92-BD86-8983C599F748}.Debug|Any CPU.ActiveCfg = Debug|Any CPU
		{387996F5-E31D-4D92-BD86-8983C599F748}.Debug|Any CPU.Build.0 = Debug|Any CPU
		{387996F5-E31D-4D92-BD86-8983C599F748}.Release|Any CPU.ActiveCfg = Release|Any CPU
		{387996F5-E31D-4D92-BD86-8983C599F748}.Release|Any CPU.Build.0 = Release|Any CPU
		{F9D126C6-76B7-45E2-B62E-6AC35EE285CD}.Debug|Any CPU.ActiveCfg = Debug|Any CPU
		{F9D126C6-76B7-45E2-B62E-6AC35EE285CD}.Debug|Any CPU.Build.0 = Debug|Any CPU
		{F9D126C6-76B7-45E2-B62E-6AC35EE285CD}.Release|Any CPU.ActiveCfg = Release|Any CPU
		{F9D126C6-76B7-45E2-B62E-6AC35EE285CD}.Release|Any CPU.Build.0 = Release|Any CPU
		{DB3BBED9-6F4B-456C-910D-E1801C94A110}.Debug|Any CPU.ActiveCfg = Debug|Any CPU
		{DB3BBED9-6F4B-456C-910D-E1801C94A110}.Debug|Any CPU.Build.0 = Debug|Any CPU
		{DB3BBED9-6F4B-456C-910D-E1801C94A110}.Release|Any CPU.ActiveCfg = Release|Any CPU
		{DB3BBED9-6F4B-456C-910D-E1801C94A110}.Release|Any CPU.Build.0 = Release|Any CPU
		{C48B0B43-0061-4049-8EBF-5F3757009F13}.Debug|Any CPU.ActiveCfg = Debug|Any CPU
		{C48B0B43-0061-4049-8EBF-5F3757009F13}.Debug|Any CPU.Build.0 = Debug|Any CPU
		{C48B0B43-0061-4049-8EBF-5F3757009F13}.Release|Any CPU.ActiveCfg = Release|Any CPU
		{C48B0B43-0061-4049-8EBF-5F3757009F13}.Release|Any CPU.Build.0 = Release|Any CPU
		{EB11900C-4868-45A4-A046-11D17A3F4220}.Debug|Any CPU.ActiveCfg = Debug|Any CPU
		{EB11900C-4868-45A4-A046-11D17A3F4220}.Debug|Any CPU.Build.0 = Debug|Any CPU
		{EB11900C-4868-45A4-A046-11D17A3F4220}.Release|Any CPU.ActiveCfg = Release|Any CPU
		{EB11900C-4868-45A4-A046-11D17A3F4220}.Release|Any CPU.Build.0 = Release|Any CPU
		{6E45FCD8-3569-48E9-A704-083A7BBD6743}.Debug|Any CPU.ActiveCfg = Debug|Any CPU
		{6E45FCD8-3569-48E9-A704-083A7BBD6743}.Debug|Any CPU.Build.0 = Debug|Any CPU
		{6E45FCD8-3569-48E9-A704-083A7BBD6743}.Release|Any CPU.ActiveCfg = Release|Any CPU
		{6E45FCD8-3569-48E9-A704-083A7BBD6743}.Release|Any CPU.Build.0 = Release|Any CPU
	EndGlobalSection
	GlobalSection(SolutionProperties) = preSolution
		HideSolutionNode = FALSE
	EndGlobalSection
EndGlobal
