
Microsoft Visual Studio Solution File, Format Version 10.00
# Visual Studio 2008
Project("{FAE04EC0-301F-11D3-BF4B-00C04F79EFBC}") = "PeerCastStation.Core", "PeerCastStation.Core\PeerCastStation.Core.csproj", "{387996F5-E31D-4D92-BD86-8983C599F748}"
EndProject
Project("{FAE04EC0-301F-11D3-BF4B-00C04F79EFBC}") = "PeerCastStation.PCP", "PeerCastStation.PCP\PeerCastStation.PCP.csproj", "{F9D126C6-76B7-45E2-B62E-6AC35EE285CD}"
	ProjectSection(ProjectDependencies) = postProject
		{387996F5-E31D-4D92-BD86-8983C599F748} = {387996F5-E31D-4D92-BD86-8983C599F748}
	EndProjectSection
EndProject
Global
	GlobalSection(SolutionConfigurationPlatforms) = preSolution
		Debug|Any CPU = Debug|Any CPU
		Release|Any CPU = Release|Any CPU
	EndGlobalSection
	GlobalSection(ProjectConfigurationPlatforms) = postSolution
		{387996F5-E31D-4D92-BD86-8983C599F748}.Debug|Any CPU.ActiveCfg = Debug|Any CPU
		{387996F5-E31D-4D92-BD86-8983C599F748}.Debug|Any CPU.Build.0 = Debug|Any CPU
		{387996F5-E31D-4D92-BD86-8983C599F748}.Release|Any CPU.ActiveCfg = Release|Any CPU
		{387996F5-E31D-4D92-BD86-8983C599F748}.Release|Any CPU.Build.0 = Release|Any CPU
		{F9D126C6-76B7-45E2-B62E-6AC35EE285CD}.Debug|Any CPU.ActiveCfg = Debug|Any CPU
		{F9D126C6-76B7-45E2-B62E-6AC35EE285CD}.Debug|Any CPU.Build.0 = Debug|Any CPU
		{F9D126C6-76B7-45E2-B62E-6AC35EE285CD}.Release|Any CPU.ActiveCfg = Release|Any CPU
		{F9D126C6-76B7-45E2-B62E-6AC35EE285CD}.Release|Any CPU.Build.0 = Release|Any CPU
	EndGlobalSection
	GlobalSection(SolutionProperties) = preSolution
		HideSolutionNode = FALSE
	EndGlobalSection
EndGlobal
